{
  "version": 4,
  "terraform_version": "1.15.7",
  "serial": 1,
  "lineage": "e98d5241-ab7e-a757-d68b-29d2a4ceec1c",
  "outputs": {
    "webapp_default_hostname": {
      "value": null,
      "type": "string"
    },
    "webapp_name": {
      "value": null,
      "type": "string"
    }
  },
  "resources": [
    {
      "mode": "managed",
      "type": "azurerm_resource_group",
      "name": "rg",
      "provider": "provider[\"registry.terraform.io/hashicorp/azurerm\"]",
      "instances": [
        {
          "schema_version": 0,
          "attributes": {
            "id": "/subscriptions/10aa60ae-f0de-417b-9d25-97aee7d905cb/resourceGroups/hdfc-resource-group",
            "location": "canadacentral",
            "managed_by": "",
            "name": "hdfc-resource-group",
            "tags": {},
            "timeouts": null
          },
          "sensitive_attributes": [],
          "identity_schema_version": 0,
          "identity": {
            "name": "hdfc-resource-group",
            "subscription_id": "10aa60ae-f0de-417b-9d25-97aee7d905cb"
          },
          "private": "eyJlMmJmYjczMC1lY2FhLTExZTYtOGY4OC0zNDM2M2JjN2M0YzAiOnsiY3JlYXRlIjo1NDAwMDAwMDAwMDAwLCJkZWxldGUiOjU0MDAwMDAwMDAwMDAsInJlYWQiOjMwMDAwMDAwMDAwMCwidXBkYXRlIjo1NDAwMDAwMDAwMDAwfSwic2NoZW1hX3ZlcnNpb24iOiIwIn0="
        }
      ]
    }
  ],
  "check_results": null
}
